// !$*UTF8*$!
{
	archiveVersion = 1;
	classes = {
	};
	objectVersion = 46;
	objects = {

/* Begin PBXBuildFile section */
		1C0BA0B01A5636BA00A88481 /* AppDelegate.swift in Sources */ = {isa = PBXBuildFile; fileRef = 1C0BA0AF1A5636BA00A88481 /* AppDelegate.swift */; };
		1C0BA0B31A5636BA00A88481 /* Clamour.xcdatamodeld in Sources */ = {isa = PBXBuildFile; fileRef = 1C0BA0B11A5636BA00A88481 /* Clamour.xcdatamodeld */; };
		1C0BA0B51A5636BA00A88481 /* ViewController.swift in Sources */ = {isa = PBXBuildFile; fileRef = 1C0BA0B41A5636BA00A88481 /* ViewController.swift */; };
		1C0BA0B81A5636BA00A88481 /* Main-iPad.storyboard in Resources */ = {isa = PBXBuildFile; fileRef = 1C0BA0B61A5636BA00A88481 /* Main-iPad.storyboard */; };
		1C0BA0BA1A5636BA00A88481 /* Images.xcassets in Resources */ = {isa = PBXBuildFile; fileRef = 1C0BA0B91A5636BA00A88481 /* Images.xcassets */; };
		1C0BA0BD1A5636BA00A88481 /* LaunchScreen.xib in Resources */ = {isa = PBXBuildFile; fileRef = 1C0BA0BB1A5636BA00A88481 /* LaunchScreen.xib */; };
		1C0BA0C91A5636BA00A88481 /* ClamourTests.swift in Sources */ = {isa = PBXBuildFile; fileRef = 1C0BA0C81A5636BA00A88481 /* ClamourTests.swift */; };
		1CF595D71A56393A00372209 /* Main-iPhone6Plus.storyboard in Resources */ = {isa = PBXBuildFile; fileRef = 1CF595D61A56393A00372209 /* Main-iPhone6Plus.storyboard */; };
		1CF595D91A56395800372209 /* Main-iPhone6.storyboard in Resources */ = {isa = PBXBuildFile; fileRef = 1CF595D81A56395800372209 /* Main-iPhone6.storyboard */; };
		1CF595DB1A56397600372209 /* Main-iPhone5.storyboard in Resources */ = {isa = PBXBuildFile; fileRef = 1CF595DA1A56397600372209 /* Main-iPhone5.storyboard */; };
		1CF595DD1A563A1B00372209 /* Main-iPhone4.storyboard in Resources */ = {isa = PBXBuildFile; fileRef = 1CF595DC1A563A1B00372209 /* Main-iPhone4.storyboard */; };
/* End PBXBuildFile section */

/* Begin PBXContainerItemProxy section */
		1C0BA0C31A5636BA00A88481 /* PBXContainerItemProxy */ = {
			isa = PBXContainerItemProxy;
			containerPortal = 1C0BA0A21A5636BA00A88481 /* Project object */;
			proxyType = 1;
			remoteGlobalIDString = 1C0BA0A91A5636BA00A88481;
			remoteInfo = Clamour;
		};
/* End PBXContainerItemProxy section */

/* Begin PBXFileReference section */
		1C0BA0AA1A5636BA00A88481 /* Clamour.app */ = {isa = PBXFileReference; explicitFileType = wrapper.application; includeInIndex = 0; path = Clamour.app; sourceTree = BUILT_PRODUCTS_DIR; };
		1C0BA0AE1A5636BA00A88481 /* Info.plist */ = {isa = PBXFileReference; lastKnownFileType = text.plist.xml; path = Info.plist; sourceTree = "<group>"; };
		1C0BA0AF1A5636BA00A88481 /* AppDelegate.swift */ = {isa = PBXFileReference; lastKnownFileType = sourcecode.swift; path = AppDelegate.swift; sourceTree = "<group>"; };
		1C0BA0B21A5636BA00A88481 /* Clamour.xcdatamodel */ = {isa = PBXFileReference; lastKnownFileType = wrapper.xcdatamodel; path = Clamour.xcdatamodel; sourceTree = "<group>"; };
		1C0BA0B41A5636BA00A88481 /* ViewController.swift */ = {isa = PBXFileReference; lastKnownFileType = sourcecode.swift; path = ViewController.swift; sourceTree = "<group>"; };
		1C0BA0B71A5636BA00A88481 /* Base */ = {isa = PBXFileReference; lastKnownFileType = file.storyboard; name = Base; path = "Base.lproj/Main-iPad.storyboard"; sourceTree = "<group>"; };
		1C0BA0B91A5636BA00A88481 /* Images.xcassets */ = {isa = PBXFileReference; lastKnownFileType = folder.assetcatalog; path = Images.xcassets; sourceTree = "<group>"; };
		1C0BA0BC1A5636BA00A88481 /* Base */ = {isa = PBXFileReference; lastKnownFileType = file.xib; name = Base; path = Base.lproj/LaunchScreen.xib; sourceTree = "<group>"; };
		1C0BA0C21A5636BA00A88481 /* ClamourTests.xctest */ = {isa = PBXFileReference; explicitFileType = wrapper.cfbundle; includeInIndex = 0; path = ClamourTests.xctest; sourceTree = BUILT_PRODUCTS_DIR; };
		1C0BA0C71A5636BA00A88481 /* Info.plist */ = {isa = PBXFileReference; lastKnownFileType = text.plist.xml; path = Info.plist; sourceTree = "<group>"; };
		1C0BA0C81A5636BA00A88481 /* ClamourTests.swift */ = {isa = PBXFileReference; lastKnownFileType = sourcecode.swift; path = ClamourTests.swift; sourceTree = "<group>"; };
		1CF595D61A56393A00372209 /* Main-iPhone6Plus.storyboard */ = {isa = PBXFileReference; fileEncoding = 4; lastKnownFileType = file.storyboard; path = "Main-iPhone6Plus.storyboard"; sourceTree = "<group>"; };
		1CF595D81A56395800372209 /* Main-iPhone6.storyboard */ = {isa = PBXFileReference; fileEncoding = 4; lastKnownFileType = file.storyboard; path = "Main-iPhone6.storyboard"; sourceTree = "<group>"; };
		1CF595DA1A56397600372209 /* Main-iPhone5.storyboard */ = {isa = PBXFileReference; fileEncoding = 4; lastKnownFileType = file.storyboard; path = "Main-iPhone5.storyboard"; sourceTree = "<group>"; };
		1CF595DC1A563A1B00372209 /* Main-iPhone4.storyboard */ = {isa = PBXFileReference; fileEncoding = 4; lastKnownFileType = file.storyboard; path = "Main-iPhone4.storyboard"; sourceTree = "<group>"; };
/* End PBXFileReference section */

/* Begin PBXFrameworksBuildPhase section */
		1C0BA0A71A5636BA00A88481 /* Frameworks */ = {
			isa = PBXFrameworksBuildPhase;
			buildActionMask = 2147483647;
			files = (
			);
			runOnlyForDeploymentPostprocessing = 0;
		};
		1C0BA0BF1A5636BA00A88481 /* Frameworks */ = {
			isa = PBXFrameworksBuildPhase;
			buildActionMask = 2147483647;
			files = (
			);
			runOnlyForDeploymentPostprocessing = 0;
		};
/* End PBXFrameworksBuildPhase section */

/* Begin PBXGroup section */
		1C0BA0A11A5636BA00A88481 = {
			isa = PBXGroup;
			children = (
				1C0BA0AC1A5636BA00A88481 /* Clamour */,
				1C0BA0C51A5636BA00A88481 /* ClamourTests */,
				1C0BA0AB1A5636BA00A88481 /* Products */,
			);
			sourceTree = "<group>";
		};
		1C0BA0AB1A5636BA00A88481 /* Products */ = {
			isa = PBXGroup;
			children = (
				1C0BA0AA1A5636BA00A88481 /* Clamour.app */,
				1C0BA0C21A5636BA00A88481 /* ClamourTests.xctest */,
			);
			name = Products;
			sourceTree = "<group>";
		};
		1C0BA0AC1A5636BA00A88481 /* Clamour */ = {
			isa = PBXGroup;
			children = (
				1C0BA0AF1A5636BA00A88481 /* AppDelegate.swift */,
				1C0BA0B41A5636BA00A88481 /* ViewController.swift */,
				1C0BA0B61A5636BA00A88481 /* Main-iPad.storyboard */,
				1CF595D61A56393A00372209 /* Main-iPhone6Plus.storyboard */,
				1CF595D81A56395800372209 /* Main-iPhone6.storyboard */,
				1CF595DA1A56397600372209 /* Main-iPhone5.storyboard */,
				1CF595DC1A563A1B00372209 /* Main-iPhone4.storyboard */,
				1C0BA0B91A5636BA00A88481 /* Images.xcassets */,
				1C0BA0BB1A5636BA00A88481 /* LaunchScreen.xib */,
				1C0BA0B11A5636BA00A88481 /* Clamour.xcdatamodeld */,
				1C0BA0AD1A5636BA00A88481 /* Supporting Files */,
			);
			path = Clamour;
			sourceTree = "<group>";
		};
		1C0BA0AD1A5636BA00A88481 /* Supporting Files */ = {
			isa = PBXGroup;
			children = (
				1C0BA0AE1A5636BA00A88481 /* Info.plist */,
			);
			name = "Supporting Files";
			sourceTree = "<group>";
		};
		1C0BA0C51A5636BA00A88481 /* ClamourTests */ = {
			isa = PBXGroup;
			children = (
				1C0BA0C81A5636BA00A88481 /* ClamourTests.swift */,
				1C0BA0C61A5636BA00A88481 /* Supporting Files */,
			);
			path = ClamourTests;
			sourceTree = "<group>";
		};
		1C0BA0C61A5636BA00A88481 /* Supporting Files */ = {
			isa = PBXGroup;
			children = (
				1C0BA0C71A5636BA00A88481 /* Info.plist */,
			);
			name = "Supporting Files";
			sourceTree = "<group>";
		};
/* End PBXGroup section */

/* Begin PBXNativeTarget section */
		1C0BA0A91A5636BA00A88481 /* Clamour */ = {
			isa = PBXNativeTarget;
			buildConfigurationList = 1C0BA0CC1A5636BA00A88481 /* Build configuration list for PBXNativeTarget "Clamour" */;
			buildPhases = (
				1C0BA0A61A5636BA00A88481 /* Sources */,
				1C0BA0A71A5636BA00A88481 /* Frameworks */,
				1C0BA0A81A5636BA00A88481 /* Resources */,
			);
			buildRules = (
			);
			dependencies = (
			);
			name = Clamour;
			productName = Clamour;
			productReference = 1C0BA0AA1A5636BA00A88481 /* Clamour.app */;
			productType = "com.apple.product-type.application";
		};
		1C0BA0C11A5636BA00A88481 /* ClamourTests */ = {
			isa = PBXNativeTarget;
			buildConfigurationList = 1C0BA0CF1A5636BA00A88481 /* Build configuration list for PBXNativeTarget "ClamourTests" */;
			buildPhases = (
				1C0BA0BE1A5636BA00A88481 /* Sources */,
				1C0BA0BF1A5636BA00A88481 /* Frameworks */,
				1C0BA0C01A5636BA00A88481 /* Resources */,
			);
			buildRules = (
			);
			dependencies = (
				1C0BA0C41A5636BA00A88481 /* PBXTargetDependency */,
			);
			name = ClamourTests;
			productName = ClamourTests;
			productReference = 1C0BA0C21A5636BA00A88481 /* ClamourTests.xctest */;
			productType = "com.apple.product-type.bundle.unit-test";
		};
/* End PBXNativeTarget section */

/* Begin PBXProject section */
		1C0BA0A21A5636BA00A88481 /* Project object */ = {
			isa = PBXProject;
			attributes = {
				LastUpgradeCheck = 0600;
				ORGANIZATIONNAME = Haxos;
				TargetAttributes = {
					1C0BA0A91A5636BA00A88481 = {
						CreatedOnToolsVersion = 6.0.1;
					};
					1C0BA0C11A5636BA00A88481 = {
						CreatedOnToolsVersion = 6.0.1;
						TestTargetID = 1C0BA0A91A5636BA00A88481;
					};
				};
			};
			buildConfigurationList = 1C0BA0A51A5636BA00A88481 /* Build configuration list for PBXProject "Clamour" */;
			compatibilityVersion = "Xcode 3.2";
			developmentRegion = English;
			hasScannedForEncodings = 0;
			knownRegions = (
				en,
				Base,
			);
			mainGroup = 1C0BA0A11A5636BA00A88481;
			productRefGroup = 1C0BA0AB1A5636BA00A88481 /* Products */;
			projectDirPath = "";
			projectRoot = "";
			targets = (
				1C0BA0A91A5636BA00A88481 /* Clamour */,
				1C0BA0C11A5636BA00A88481 /* ClamourTests */,
			);
		};
/* End PBXProject section */

/* Begin PBXResourcesBuildPhase section */
		1C0BA0A81A5636BA00A88481 /* Resources */ = {
			isa = PBXResourcesBuildPhase;
			buildActionMask = 2147483647;
			files = (
				1C0BA0B81A5636BA00A88481 /* Main-iPad.storyboard in Resources */,
				1CF595D71A56393A00372209 /* Main-iPhone6Plus.storyboard in Resources */,
				1CF595DD1A563A1B00372209 /* Main-iPhone4.storyboard in Resources */,
				1CF595DB1A56397600372209 /* Main-iPhone5.storyboard in Resources */,
				1C0BA0BD1A5636BA00A88481 /* LaunchScreen.xib in Resources */,
				1CF595D91A56395800372209 /* Main-iPhone6.storyboard in Resources */,
				1C0BA0BA1A5636BA00A88481 /* Images.xcassets in Resources */,
			);
			runOnlyForDeploymentPostprocessing = 0;
		};
		1C0BA0C01A5636BA00A88481 /* Resources */ = {
			isa = PBXResourcesBuildPhase;
			buildActionMask = 2147483647;
			files = (
			);
			runOnlyForDeploymentPostprocessing = 0;
		};
/* End PBXResourcesBuildPhase section */

/* Begin PBXSourcesBuildPhase section */
		1C0BA0A61A5636BA00A88481 /* Sources */ = {
			isa = PBXSourcesBuildPhase;
			buildActionMask = 2147483647;
			files = (
				1C0BA0B51A5636BA00A88481 /* ViewController.swift in Sources */,
				1C0BA0B01A5636BA00A88481 /* AppDelegate.swift in Sources */,
				1C0BA0B31A5636BA00A88481 /* Clamour.xcdatamodeld in Sources */,
			);
			runOnlyForDeploymentPostprocessing = 0;
		};
		1C0BA0BE1A5636BA00A88481 /* Sources */ = {
			isa = PBXSourcesBuildPhase;
			buildActionMask = 2147483647;
			files = (
				1C0BA0C91A5636BA00A88481 /* ClamourTests.swift in Sources */,
			);
			runOnlyForDeploymentPostprocessing = 0;
		};
/* End PBXSourcesBuildPhase section */

/* Begin PBXTargetDependency section */
		1C0BA0C41A5636BA00A88481 /* PBXTargetDependency */ = {
			isa = PBXTargetDependency;
			target = 1C0BA0A91A5636BA00A88481 /* Clamour */;
			targetProxy = 1C0BA0C31A5636BA00A88481 /* PBXContainerItemProxy */;
		};
/* End PBXTargetDependency section */

/* Begin PBXVariantGroup section */
		1C0BA0B61A5636BA00A88481 /* Main-iPad.storyboard */ = {
			isa = PBXVariantGroup;
			children = (
				1C0BA0B71A5636BA00A88481 /* Base */,
			);
			name = "Main-iPad.storyboard";
			sourceTree = "<group>";
		};
		1C0BA0BB1A5636BA00A88481 /* LaunchScreen.xib */ = {
			isa = PBXVariantGroup;
			children = (
				1C0BA0BC1A5636BA00A88481 /* Base */,
			);
			name = LaunchScreen.xib;
			sourceTree = "<group>";
		};
/* End PBXVariantGroup section */

/* Begin XCBuildConfiguration section */
		1C0BA0CA1A5636BA00A88481 /* Debug */ = {
			isa = XCBuildConfiguration;
			buildSettings = {
				ALWAYS_SEARCH_USER_PATHS = NO;
				CLANG_CXX_LANGUAGE_STANDARD = "gnu++0x";
				CLANG_CXX_LIBRARY = "libc++";
				CLANG_ENABLE_MODULES = YES;
				CLANG_ENABLE_OBJC_ARC = YES;
				CLANG_WARN_BOOL_CONVERSION = YES;
				CLANG_WARN_CONSTANT_CONVERSION = YES;
				CLANG_WARN_DIRECT_OBJC_ISA_USAGE = YES_ERROR;
				CLANG_WARN_EMPTY_BODY = YES;
				CLANG_WARN_ENUM_CONVERSION = YES;
				CLANG_WARN_INT_CONVERSION = YES;
				CLANG_WARN_OBJC_ROOT_CLASS = YES_ERROR;
				CLANG_WARN_UNREACHABLE_CODE = YES;
				CLANG_WARN__DUPLICATE_METHOD_MATCH = YES;
				"CODE_SIGN_IDENTITY[sdk=iphoneos*]" = "iPhone Developer";
				COPY_PHASE_STRIP = NO;
				ENABLE_STRICT_OBJC_MSGSEND = YES;
				GCC_C_LANGUAGE_STANDARD = gnu99;
				GCC_DYNAMIC_NO_PIC = NO;
				GCC_OPTIMIZATION_LEVEL = 0;
				GCC_PREPROCESSOR_DEFINITIONS = (
					"DEBUG=1",
					"$(inherited)",
				);
				GCC_SYMBOLS_PRIVATE_EXTERN = NO;
				GCC_WARN_64_TO_32_BIT_CONVERSION = YES;
				GCC_WARN_ABOUT_RETURN_TYPE = YES_ERROR;
				GCC_WARN_UNDECLARED_SELECTOR = YES;
				GCC_WARN_UNINITIALIZED_AUTOS = YES_AGGRESSIVE;
				GCC_WARN_UNUSED_FUNCTION = YES;
				GCC_WARN_UNUSED_VARIABLE = YES;
				IPHONEOS_DEPLOYMENT_TARGET = 8.0;
				MTL_ENABLE_DEBUG_INFO = YES;
				ONLY_ACTIVE_ARCH = YES;
				SDKROOT = iphoneos;
				SWIFT_OPTIMIZATION_LEVEL = "-Onone";
				TARGETED_DEVICE_FAMILY = "1,2";
			};
			name = Debug;
		};
		1C0BA0CB1A5636BA00A88481 /* Release */ = {
			isa = XCBuildConfiguration;
			buildSettings = {
				ALWAYS_SEARCH_USER_PATHS = NO;
				CLANG_CXX_LANGUAGE_STANDARD = "gnu++0x";
				CLANG_CXX_LIBRARY = "libc++";
				CLANG_ENABLE_MODULES = YES;
				CLANG_ENABLE_OBJC_ARC = YES;
				CLANG_WARN_BOOL_CONVERSION = YES;
				CLANG_WARN_CONSTANT_CONVERSION = YES;
				CLANG_WARN_DIRECT_OBJC_ISA_USAGE = YES_ERROR;
				CLANG_WARN_EMPTY_BODY = YES;
				CLANG_WARN_ENUM_CONVERSION = YES;
				CLANG_WARN_INT_CONVERSION = YES;
				CLANG_WARN_OBJC_ROOT_CLASS = YES_ERROR;
				CLANG_WARN_UNREACHABLE_CODE = YES;
				CLANG_WARN__DUPLICATE_METHOD_MATCH = YES;
				"CODE_SIGN_IDENTITY[sdk=iphoneos*]" = "iPhone Developer";
				COPY_PHASE_STRIP = YES;
				ENABLE_NS_ASSERTIONS = NO;
				ENABLE_STRICT_OBJC_MSGSEND = YES;
				GCC_C_LANGUAGE_STANDARD = gnu99;
				GCC_WARN_64_TO_32_BIT_CONVERSION = YES;
				GCC_WARN_ABOUT_RETURN_TYPE = YES_ERROR;
				GCC_WARN_UNDECLARED_SELECTOR = YES;
				GCC_WARN_UNINITIALIZED_AUTOS = YES_AGGRESSIVE;
				GCC_WARN_UNUSED_FUNCTION = YES;
				GCC_WARN_UNUSED_VARIABLE = YES;
				IPHONEOS_DEPLOYMENT_TARGET = 8.0;
				MTL_ENABLE_DEBUG_INFO = NO;
				SDKROOT = iphoneos;
				TARGETED_DEVICE_FAMILY = "1,2";
				VALIDATE_PRODUCT = YES;
			};
			name = Release;
		};
		1C0BA0CD1A5636BA00A88481 /* Debug */ = {
			isa = XCBuildConfiguration;
			buildSettings = {
				ASSETCATALOG_COMPILER_APPICON_NAME = AppIcon;
				INFOPLIST_FILE = Clamour/Info.plist;
				LD_RUNPATH_SEARCH_PATHS = "$(inherited) @executable_path/Frameworks";
				PRODUCT_NAME = "$(TARGET_NAME)";
			};
			name = Debug;
		};
		1C0BA0CE1A5636BA00A88481 /* Release */ = {
			isa = XCBuildConfiguration;
			buildSettings = {
				ASSETCATALOG_COMPILER_APPICON_NAME = AppIcon;
				INFOPLIST_FILE = Clamour/Info.plist;
				LD_RUNPATH_SEARCH_PATHS = "$(inherited) @executable_path/Frameworks";
				PRODUCT_NAME = "$(TARGET_NAME)";
			};
			name = Release;
		};
		1C0BA0D01A5636BA00A88481 /* Debug */ = {
			isa = XCBuildConfiguration;
			buildSettings = {
				BUNDLE_LOADER = "$(TEST_HOST)";
				FRAMEWORK_SEARCH_PATHS = (
					"$(SDKROOT)/Developer/Library/Frameworks",
					"$(inherited)",
				);
				GCC_PREPROCESSOR_DEFINITIONS = (
					"DEBUG=1",
					"$(inherited)",
				);
				INFOPLIST_FILE = ClamourTests/Info.plist;
				LD_RUNPATH_SEARCH_PATHS = "$(inherited) @executable_path/Frameworks @loader_path/Frameworks";
				PRODUCT_NAME = "$(TARGET_NAME)";
				TEST_HOST = "$(BUILT_PRODUCTS_DIR)/Clamour.app/Clamour";
			};
			name = Debug;
		};
		1C0BA0D11A5636BA00A88481 /* Release */ = {
			isa = XCBuildConfiguration;
			buildSettings = {
				BUNDLE_LOADER = "$(TEST_HOST)";
				FRAMEWORK_SEARCH_PATHS = (
					"$(SDKROOT)/Developer/Library/Frameworks",
					"$(inherited)",
				);
				INFOPLIST_FILE = ClamourTests/Info.plist;
				LD_RUNPATH_SEARCH_PATHS = "$(inherited) @executable_path/Frameworks @loader_path/Frameworks";
				PRODUCT_NAME = "$(TARGET_NAME)";
				TEST_HOST = "$(BUILT_PRODUCTS_DIR)/Clamour.app/Clamour";
			};
			name = Release;
		};
/* End XCBuildConfiguration section */

/* Begin XCConfigurationList section */
		1C0BA0A51A5636BA00A88481 /* Build configuration list for PBXProject "Clamour" */ = {
			isa = XCConfigurationList;
			buildConfigurations = (
				1C0BA0CA1A5636BA00A88481 /* Debug */,
				1C0BA0CB1A5636BA00A88481 /* Release */,
			);
			defaultConfigurationIsVisible = 0;
			defaultConfigurationName = Release;
		};
		1C0BA0CC1A5636BA00A88481 /* Build configuration list for PBXNativeTarget "Clamour" */ = {
			isa = XCConfigurationList;
			buildConfigurations = (
				1C0BA0CD1A5636BA00A88481 /* Debug */,
				1C0BA0CE1A5636BA00A88481 /* Release */,
			);
			defaultConfigurationIsVisible = 0;
			defaultConfigurationName = Release;
		};
		1C0BA0CF1A5636BA00A88481 /* Build configuration list for PBXNativeTarget "ClamourTests" */ = {
			isa = XCConfigurationList;
			buildConfigurations = (
				1C0BA0D01A5636BA00A88481 /* Debug */,
				1C0BA0D11A5636BA00A88481 /* Release */,
			);
			defaultConfigurationIsVisible = 0;
			defaultConfigurationName = Release;
		};
/* End XCConfigurationList section */

/* Begin XCVersionGroup section */
		1C0BA0B11A5636BA00A88481 /* Clamour.xcdatamodeld */ = {
			isa = XCVersionGroup;
			children = (
				1C0BA0B21A5636BA00A88481 /* Clamour.xcdatamodel */,
			);
			currentVersion = 1C0BA0B21A5636BA00A88481 /* Clamour.xcdatamodel */;
			path = Clamour.xcdatamodeld;
			sourceTree = "<group>";
			versionGroupType = wrapper.xcdatamodel;
		};
/* End XCVersionGroup section */
	};
	rootObject = 1C0BA0A21A5636BA00A88481 /* Project object */;
}
